
Microsoft Visual Studio Solution File, Format Version 12.00
# Visual Studio 15
VisualStudioVersion = 15.0.28307.1758
MinimumVisualStudioVersion = 10.0.40219.1
Project("{FAE04EC0-301F-11D3-BF4B-00C04F79EFBC}") = "Hotel_Reservations_Manager", "Hotel_Reservations_Manager\Hotel_Reservations_Manager.csproj", "{DD2879F7-DF2D-4193-A114-FC9E1A83C577}"
EndProject
Global
	GlobalSection(SolutionConfigurationPlatforms) = preSolution
		Debug|Any CPU = Debug|Any CPU
		Release|Any CPU = Release|Any CPU
	EndGlobalSection
	GlobalSection(ProjectConfigurationPlatforms) = postSolution
		{DD2879F7-DF2D-4193-A114-FC9E1A83C577}.Debug|Any CPU.ActiveCfg = Debug|Any CPU
		{DD2879F7-DF2D-4193-A114-FC9E1A83C577}.Debug|Any CPU.Build.0 = Debug|Any CPU
		{DD2879F7-DF2D-4193-A114-FC9E1A83C577}.Release|Any CPU.ActiveCfg = Release|Any CPU
		{DD2879F7-DF2D-4193-A114-FC9E1A83C577}.Release|Any CPU.Build.0 = Release|Any CPU
	EndGlobalSection
	GlobalSection(SolutionProperties) = preSolution
		HideSolutionNode = FALSE
	EndGlobalSection
	GlobalSection(ExtensibilityGlobals) = postSolution
		SolutionGuid = {9EAC2B51-D006-4E29-906D-E574DD4342B9}
	EndGlobalSection
EndGlobal
